
Microsoft Visual Studio Solution File, Format Version 12.00
# Visual Studio Version 17
VisualStudioVersion = 17.0.32112.339
MinimumVisualStudioVersion = 10.0.40219.1
Project("{FAE04EC0-301F-11D3-BF4B-00C04F79EFBC}") = "App2.Android", "App2\App2.Android\App2.Android.csproj", "{A5446F7C-2E6D-4D1A-BA9C-E9E5BC0D9C6A}"
EndProject
Project("{FAE04EC0-301F-11D3-BF4B-00C04F79EFBC}") = "App2.iOS", "App2\App2.iOS\App2.iOS.csproj", "{766E80ED-2646-490C-971B-38B85BEC3347}"
EndProject
Project("{FAE04EC0-301F-11D3-BF4B-00C04F79EFBC}") = "App2", "App2\App2\App2.csproj", "{013BEF8E-87AE-42CD-AD43-45B50E1902A3}"
EndProject
Global
	GlobalSection(SolutionConfigurationPlatforms) = preSolution
		Debug|Any CPU = Debug|Any CPU
		Debug|iPhone = Debug|iPhone
		Debug|iPhoneSimulator = Debug|iPhoneSimulator
		Release|Any CPU = Release|Any CPU
		Release|iPhone = Release|iPhone
		Release|iPhoneSimulator = Release|iPhoneSimulator
	EndGlobalSection
	GlobalSection(ProjectConfigurationPlatforms) = postSolution
		{A5446F7C-2E6D-4D1A-BA9C-E9E5BC0D9C6A}.Debug|Any CPU.ActiveCfg = Debug|Any CPU
		{A5446F7C-2E6D-4D1A-BA9C-E9E5BC0D9C6A}.Debug|Any CPU.Build.0 = Debug|Any CPU
		{A5446F7C-2E6D-4D1A-BA9C-E9E5BC0D9C6A}.Debug|Any CPU.Deploy.0 = Debug|Any CPU
		{A5446F7C-2E6D-4D1A-BA9C-E9E5BC0D9C6A}.Debug|iPhone.ActiveCfg = Debug|Any CPU
		{A5446F7C-2E6D-4D1A-BA9C-E9E5BC0D9C6A}.Debug|iPhone.Build.0 = Debug|Any CPU
		{A5446F7C-2E6D-4D1A-BA9C-E9E5BC0D9C6A}.Debug|iPhone.Deploy.0 = Debug|Any CPU
		{A5446F7C-2E6D-4D1A-BA9C-E9E5BC0D9C6A}.Debug|iPhoneSimulator.ActiveCfg = Debug|Any CPU
		{A5446F7C-2E6D-4D1A-BA9C-E9E5BC0D9C6A}.Debug|iPhoneSimulator.Build.0 = Debug|Any CPU
		{A5446F7C-2E6D-4D1A-BA9C-E9E5BC0D9C6A}.Debug|iPhoneSimulator.Deploy.0 = Debug|Any CPU
		{A5446F7C-2E6D-4D1A-BA9C-E9E5BC0D9C6A}.Release|Any CPU.ActiveCfg = Release|Any CPU
		{A5446F7C-2E6D-4D1A-BA9C-E9E5BC0D9C6A}.Release|Any CPU.Build.0 = Release|Any CPU
		{A5446F7C-2E6D-4D1A-BA9C-E9E5BC0D9C6A}.Release|Any CPU.Deploy.0 = Release|Any CPU
		{A5446F7C-2E6D-4D1A-BA9C-E9E5BC0D9C6A}.Release|iPhone.ActiveCfg = Release|Any CPU
		{A5446F7C-2E6D-4D1A-BA9C-E9E5BC0D9C6A}.Release|iPhone.Build.0 = Release|Any CPU
		{A5446F7C-2E6D-4D1A-BA9C-E9E5BC0D9C6A}.Release|iPhone.Deploy.0 = Release|Any CPU
		{A5446F7C-2E6D-4D1A-BA9C-E9E5BC0D9C6A}.Release|iPhoneSimulator.ActiveCfg = Release|Any CPU
		{A5446F7C-2E6D-4D1A-BA9C-E9E5BC0D9C6A}.Release|iPhoneSimulator.Build.0 = Release|Any CPU
		{A5446F7C-2E6D-4D1A-BA9C-E9E5BC0D9C6A}.Release|iPhoneSimulator.Deploy.0 = Release|Any CPU
		{766E80ED-2646-490C-971B-38B85BEC3347}.Debug|Any CPU.ActiveCfg = Debug|iPhone
		{766E80ED-2646-490C-971B-38B85BEC3347}.Debug|Any CPU.Build.0 = Debug|iPhone
		{766E80ED-2646-490C-971B-38B85BEC3347}.Debug|Any CPU.Deploy.0 = Debug|iPhone
		{766E80ED-2646-490C-971B-38B85BEC3347}.Debug|iPhone.ActiveCfg = Debug|iPhone
		{766E80ED-2646-490C-971B-38B85BEC3347}.Debug|iPhone.Build.0 = Debug|iPhone
		{766E80ED-2646-490C-971B-38B85BEC3347}.Debug|iPhone.Deploy.0 = Debug|iPhone
		{766E80ED-2646-490C-971B-38B85BEC3347}.Debug|iPhoneSimulator.ActiveCfg = Debug|iPhoneSimulator
		{766E80ED-2646-490C-971B-38B85BEC3347}.Debug|iPhoneSimulator.Build.0 = Debug|iPhoneSimulator
		{766E80ED-2646-490C-971B-38B85BEC3347}.Debug|iPhoneSimulator.Deploy.0 = Debug|iPhoneSimulator
		{766E80ED-2646-490C-971B-38B85BEC3347}.Release|Any CPU.ActiveCfg = Release|iPhoneSimulator
		{766E80ED-2646-490C-971B-38B85BEC3347}.Release|Any CPU.Build.0 = Release|iPhoneSimulator
		{766E80ED-2646-490C-971B-38B85BEC3347}.Release|Any CPU.Deploy.0 = Release|iPhoneSimulator
		{766E80ED-2646-490C-971B-38B85BEC3347}.Release|iPhone.ActiveCfg = Release|iPhone
		{766E80ED-2646-490C-971B-38B85BEC3347}.Release|iPhone.Build.0 = Release|iPhone
		{766E80ED-2646-490C-971B-38B85BEC3347}.Release|iPhone.Deploy.0 = Release|iPhone
		{766E80ED-2646-490C-971B-38B85BEC3347}.Release|iPhoneSimulator.ActiveCfg = Release|iPhoneSimulator
		{766E80ED-2646-490C-971B-38B85BEC3347}.Release|iPhoneSimulator.Build.0 = Release|iPhoneSimulator
		{766E80ED-2646-490C-971B-38B85BEC3347}.Release|iPhoneSimulator.Deploy.0 = Release|iPhoneSimulator
		{013BEF8E-87AE-42CD-AD43-45B50E1902A3}.Debug|Any CPU.ActiveCfg = Debug|Any CPU
		{013BEF8E-87AE-42CD-AD43-45B50E1902A3}.Debug|Any CPU.Build.0 = Debug|Any CPU
		{013BEF8E-87AE-42CD-AD43-45B50E1902A3}.Debug|Any CPU.Deploy.0 = Debug|Any CPU
		{013BEF8E-87AE-42CD-AD43-45B50E1902A3}.Debug|iPhone.ActiveCfg = Debug|Any CPU
		{013BEF8E-87AE-42CD-AD43-45B50E1902A3}.Debug|iPhone.Build.0 = Debug|Any CPU
		{013BEF8E-87AE-42CD-AD43-45B50E1902A3}.Debug|iPhone.Deploy.0 = Debug|Any CPU
		{013BEF8E-87AE-42CD-AD43-45B50E1902A3}.Debug|iPhoneSimulator.ActiveCfg = Debug|Any CPU
		{013BEF8E-87AE-42CD-AD43-45B50E1902A3}.Debug|iPhoneSimulator.Build.0 = Debug|Any CPU
		{013BEF8E-87AE-42CD-AD43-45B50E1902A3}.Debug|iPhoneSimulator.Deploy.0 = Debug|Any CPU
		{013BEF8E-87AE-42CD-AD43-45B50E1902A3}.Release|Any CPU.ActiveCfg = Release|Any CPU
		{013BEF8E-87AE-42CD-AD43-45B50E1902A3}.Release|Any CPU.Build.0 = Release|Any CPU
		{013BEF8E-87AE-42CD-AD43-45B50E1902A3}.Release|Any CPU.Deploy.0 = Release|Any CPU
		{013BEF8E-87AE-42CD-AD43-45B50E1902A3}.Release|iPhone.ActiveCfg = Release|Any CPU
		{013BEF8E-87AE-42CD-AD43-45B50E1902A3}.Release|iPhone.Build.0 = Release|Any CPU
		{013BEF8E-87AE-42CD-AD43-45B50E1902A3}.Release|iPhone.Deploy.0 = Release|Any CPU
		{013BEF8E-87AE-42CD-AD43-45B50E1902A3}.Release|iPhoneSimulator.ActiveCfg = Release|Any CPU
		{013BEF8E-87AE-42CD-AD43-45B50E1902A3}.Release|iPhoneSimulator.Build.0 = Release|Any CPU
		{013BEF8E-87AE-42CD-AD43-45B50E1902A3}.Release|iPhoneSimulator.Deploy.0 = Release|Any CPU
	EndGlobalSection
	GlobalSection(SolutionProperties) = preSolution
		HideSolutionNode = FALSE
	EndGlobalSection
	GlobalSection(ExtensibilityGlobals) = postSolution
		SolutionGuid = {5842BA2A-F4A0-4A1B-82C4-4DCED8D70E88}
	EndGlobalSection
EndGlobal
